
Microsoft Visual Studio Solution File, Format Version 12.00
# Visual Studio Version 17
VisualStudioVersion = 17.7.34024.191
MinimumVisualStudioVersion = 10.0.40219.1
Project("{F184B08F-C81C-45F6-A57F-5ABD9991F28F}") = "evangelista_midtermproject", "evangelista_midtermproject\evangelista_midtermproject.vbproj", "{D6B2D8DC-31AD-40B1-9301-AC9C883E246B}"
EndProject
Global
	GlobalSection(SolutionConfigurationPlatforms) = preSolution
		Debug|Any CPU = Debug|Any CPU
		Release|Any CPU = Release|Any CPU
	EndGlobalSection
	GlobalSection(ProjectConfigurationPlatforms) = postSolution
		{D6B2D8DC-31AD-40B1-9301-AC9C883E246B}.Debug|Any CPU.ActiveCfg = Debug|Any CPU
		{D6B2D8DC-31AD-40B1-9301-AC9C883E246B}.Debug|Any CPU.Build.0 = Debug|Any CPU
		{D6B2D8DC-31AD-40B1-9301-AC9C883E246B}.Release|Any CPU.ActiveCfg = Release|Any CPU
		{D6B2D8DC-31AD-40B1-9301-AC9C883E246B}.Release|Any CPU.Build.0 = Release|Any CPU
	EndGlobalSection
	GlobalSection(SolutionProperties) = preSolution
		HideSolutionNode = FALSE
	EndGlobalSection
	GlobalSection(ExtensibilityGlobals) = postSolution
		SolutionGuid = {0B38F604-CD9E-4BC6-A512-B040C14781BC}
	EndGlobalSection
EndGlobal
